
Microsoft Visual Studio Solution File, Format Version 12.00
# Visual Studio 15
VisualStudioVersion = 15.0.28307.1000
MinimumVisualStudioVersion = 10.0.40219.1
Project("{FAE04EC0-301F-11D3-BF4B-00C04F79EFBC}") = "Fowl Giveaways", "Fowl Giveaways\Fowl Giveaways.csproj", "{488A0B45-362B-4632-A927-2A2A61703CED}"
EndProject
Global
	GlobalSection(SolutionConfigurationPlatforms) = preSolution
		Debug|Any CPU = Debug|Any CPU
		Release|Any CPU = Release|Any CPU
	EndGlobalSection
	GlobalSection(ProjectConfigurationPlatforms) = postSolution
		{488A0B45-362B-4632-A927-2A2A61703CED}.Debug|Any CPU.ActiveCfg = Debug|Any CPU
		{488A0B45-362B-4632-A927-2A2A61703CED}.Debug|Any CPU.Build.0 = Debug|Any CPU
		{488A0B45-362B-4632-A927-2A2A61703CED}.Release|Any CPU.ActiveCfg = Release|Any CPU
		{488A0B45-362B-4632-A927-2A2A61703CED}.Release|Any CPU.Build.0 = Release|Any CPU
	EndGlobalSection
	GlobalSection(SolutionProperties) = preSolution
		HideSolutionNode = FALSE
	EndGlobalSection
	GlobalSection(ExtensibilityGlobals) = postSolution
		SolutionGuid = {055C2767-22D0-4355-BBD7-0C5A049F617A}
	EndGlobalSection
EndGlobal
